
Microsoft Visual Studio Solution File, Format Version 12.00
# Visual Studio Version 17
VisualStudioVersion = 17.7.34018.315
MinimumVisualStudioVersion = 10.0.40219.1
Project("{FAE04EC0-301F-11D3-BF4B-00C04F79EFBC}") = "C21_TH1_Lu_van_Duong", "C21_TH1_Lu_van_Duong\C21_TH1_Lu_van_Duong.csproj", "{D5500FA2-5A98-49CE-A85E-12F29F120B1B}"
EndProject
Global
	GlobalSection(SolutionConfigurationPlatforms) = preSolution
		Debug|Any CPU = Debug|Any CPU
		Release|Any CPU = Release|Any CPU
	EndGlobalSection
	GlobalSection(ProjectConfigurationPlatforms) = postSolution
		{D5500FA2-5A98-49CE-A85E-12F29F120B1B}.Debug|Any CPU.ActiveCfg = Debug|Any CPU
		{D5500FA2-5A98-49CE-A85E-12F29F120B1B}.Debug|Any CPU.Build.0 = Debug|Any CPU
		{D5500FA2-5A98-49CE-A85E-12F29F120B1B}.Release|Any CPU.ActiveCfg = Release|Any CPU
		{D5500FA2-5A98-49CE-A85E-12F29F120B1B}.Release|Any CPU.Build.0 = Release|Any CPU
	EndGlobalSection
	GlobalSection(SolutionProperties) = preSolution
		HideSolutionNode = FALSE
	EndGlobalSection
	GlobalSection(ExtensibilityGlobals) = postSolution
		SolutionGuid = {94164176-00C5-4669-8A4C-FACF8B3372FD}
	EndGlobalSection
EndGlobal
